
Microsoft Visual Studio Solution File, Format Version 12.00
# Visual Studio Version 17
VisualStudioVersion = 17.0.31903.59
MinimumVisualStudioVersion = 10.0.40219.1
Project("{2150E333-8FDC-42A3-9474-1A3956D46DE8}") = "src", "src", "{58E91D0F-6B0C-4D68-9879-B57B2544D63D}"
EndProject
Project("{FAE04EC0-301F-11D3-BF4B-00C04F79EFBC}") = "AuthServiceAngel.Persistence", "src\AuthServiceAngel.Persistence\AuthServiceAngel.Persistence.csproj", "{5A3BD78B-6194-497D-AB2D-A8D4457C6875}"
EndProject
Project("{FAE04EC0-301F-11D3-BF4B-00C04F79EFBC}") = "AuthServiceAngel.Domain", "src\AuthServiceAngel.Domain\AuthServiceAngel.Domain.csproj", "{A7CBB72C-7577-4F82-8CF9-D8DAAF53AC64}"
EndProject
Project("{FAE04EC0-301F-11D3-BF4B-00C04F79EFBC}") = "AuthServiceAngel.Application", "src\AuthServiceAngel.Application\AuthServiceAngel.Application.csproj", "{80A57D6C-B1AD-4AAB-AF44-24E0648AB5FD}"
EndProject
Project("{FAE04EC0-301F-11D3-BF4B-00C04F79EFBC}") = "AuthServiceAngel.Api", "src\AuthServiceAngel.Api\AuthServiceAngel.Api.csproj", "{B4A64388-DD6C-4149-9C3A-5A8835D8C450}"
EndProject
Global
	GlobalSection(SolutionConfigurationPlatforms) = preSolution
		Debug|Any CPU = Debug|Any CPU
		Release|Any CPU = Release|Any CPU
	EndGlobalSection
	GlobalSection(SolutionProperties) = preSolution
		HideSolutionNode = FALSE
	EndGlobalSection
	GlobalSection(ProjectConfigurationPlatforms) = postSolution
		{5A3BD78B-6194-497D-AB2D-A8D4457C6875}.Debug|Any CPU.ActiveCfg = Debug|Any CPU
		{5A3BD78B-6194-497D-AB2D-A8D4457C6875}.Debug|Any CPU.Build.0 = Debug|Any CPU
		{5A3BD78B-6194-497D-AB2D-A8D4457C6875}.Release|Any CPU.ActiveCfg = Release|Any CPU
		{5A3BD78B-6194-497D-AB2D-A8D4457C6875}.Release|Any CPU.Build.0 = Release|Any CPU
		{A7CBB72C-7577-4F82-8CF9-D8DAAF53AC64}.Debug|Any CPU.ActiveCfg = Debug|Any CPU
		{A7CBB72C-7577-4F82-8CF9-D8DAAF53AC64}.Debug|Any CPU.Build.0 = Debug|Any CPU
		{A7CBB72C-7577-4F82-8CF9-D8DAAF53AC64}.Release|Any CPU.ActiveCfg = Release|Any CPU
		{A7CBB72C-7577-4F82-8CF9-D8DAAF53AC64}.Release|Any CPU.Build.0 = Release|Any CPU
		{80A57D6C-B1AD-4AAB-AF44-24E0648AB5FD}.Debug|Any CPU.ActiveCfg = Debug|Any CPU
		{80A57D6C-B1AD-4AAB-AF44-24E0648AB5FD}.Debug|Any CPU.Build.0 = Debug|Any CPU
		{80A57D6C-B1AD-4AAB-AF44-24E0648AB5FD}.Release|Any CPU.ActiveCfg = Release|Any CPU
		{80A57D6C-B1AD-4AAB-AF44-24E0648AB5FD}.Release|Any CPU.Build.0 = Release|Any CPU
		{B4A64388-DD6C-4149-9C3A-5A8835D8C450}.Debug|Any CPU.ActiveCfg = Debug|Any CPU
		{B4A64388-DD6C-4149-9C3A-5A8835D8C450}.Debug|Any CPU.Build.0 = Debug|Any CPU
		{B4A64388-DD6C-4149-9C3A-5A8835D8C450}.Release|Any CPU.ActiveCfg = Release|Any CPU
		{B4A64388-DD6C-4149-9C3A-5A8835D8C450}.Release|Any CPU.Build.0 = Release|Any CPU
	EndGlobalSection
	GlobalSection(NestedProjects) = preSolution
		{5A3BD78B-6194-497D-AB2D-A8D4457C6875} = {58E91D0F-6B0C-4D68-9879-B57B2544D63D}
		{A7CBB72C-7577-4F82-8CF9-D8DAAF53AC64} = {58E91D0F-6B0C-4D68-9879-B57B2544D63D}
		{80A57D6C-B1AD-4AAB-AF44-24E0648AB5FD} = {58E91D0F-6B0C-4D68-9879-B57B2544D63D}
		{B4A64388-DD6C-4149-9C3A-5A8835D8C450} = {58E91D0F-6B0C-4D68-9879-B57B2544D63D}
	EndGlobalSection
EndGlobal
